// !$*UTF8*$!
{
	archiveVersion = 1;
	classes = {
	};
	objectVersion = 46;
	objects = {

/* Begin PBXBuildFile section */
		771067111E1212E7001E87EE /* HubViewController.m in Sources */ = {isa = PBXBuildFile; fileRef = 771067101E1212E7001E87EE /* HubViewController.m */; };
		7710671B1E1213C1001E87EE /* WaveViewController.m in Sources */ = {isa = PBXBuildFile; fileRef = 7710671A1E1213C1001E87EE /* WaveViewController.m */; };
		7710672A1E121491001E87EE /* LXHubView.m in Sources */ = {isa = PBXBuildFile; fileRef = 7710671E1E121491001E87EE /* LXHubView.m */; };
		7710672B1E121491001E87EE /* ArcProgress.m in Sources */ = {isa = PBXBuildFile; fileRef = 771067211E121491001E87EE /* ArcProgress.m */; };
		7710672C1E121491001E87EE /* LXWave.m in Sources */ = {isa = PBXBuildFile; fileRef = 771067241E121491001E87EE /* LXWave.m */; };
		7710672D1E121491001E87EE /* LXWaveProgress.m in Sources */ = {isa = PBXBuildFile; fileRef = 771067261E121491001E87EE /* LXWaveProgress.m */; };
		7710672E1E121491001E87EE /* CircleView.m in Sources */ = {isa = PBXBuildFile; fileRef = 771067291E121491001E87EE /* CircleView.m */; };
		771067321E121517001E87EE /* shipeAnimation.m in Sources */ = {isa = PBXBuildFile; fileRef = 771067311E121517001E87EE /* shipeAnimation.m */; };
		771067351E1215C1001E87EE /* ShipeViewController.m in Sources */ = {isa = PBXBuildFile; fileRef = 771067341E1215C1001E87EE /* ShipeViewController.m */; };
		771067371E121686001E87EE /* chuan@2x.png in Resources */ = {isa = PBXBuildFile; fileRef = 771067361E121686001E87EE /* chuan@2x.png */; };
		771067391E121809001E87EE /* dahai.jpg in Resources */ = {isa = PBXBuildFile; fileRef = 771067381E121809001E87EE /* dahai.jpg */; };
		778807D51E10FC1500803273 /* main.m in Sources */ = {isa = PBXBuildFile; fileRef = 778807D41E10FC1500803273 /* main.m */; };
		778807D81E10FC1500803273 /* AppDelegate.m in Sources */ = {isa = PBXBuildFile; fileRef = 778807D71E10FC1500803273 /* AppDelegate.m */; };
		778807DB1E10FC1500803273 /* ViewController.m in Sources */ = {isa = PBXBuildFile; fileRef = 778807DA1E10FC1500803273 /* ViewController.m */; };
		778807DE1E10FC1500803273 /* Main.storyboard in Resources */ = {isa = PBXBuildFile; fileRef = 778807DC1E10FC1500803273 /* Main.storyboard */; };
		778807E01E10FC1500803273 /* Assets.xcassets in Resources */ = {isa = PBXBuildFile; fileRef = 778807DF1E10FC1500803273 /* Assets.xcassets */; };
		778807E31E10FC1500803273 /* LaunchScreen.storyboard in Resources */ = {isa = PBXBuildFile; fileRef = 778807E11E10FC1500803273 /* LaunchScreen.storyboard */; };
		778807EE1E10FC1500803273 /* ProgressViewDemoTests.m in Sources */ = {isa = PBXBuildFile; fileRef = 778807ED1E10FC1500803273 /* ProgressViewDemoTests.m */; };
		778807F91E10FC1500803273 /* ProgressViewDemoUITests.m in Sources */ = {isa = PBXBuildFile; fileRef = 778807F81E10FC1500803273 /* ProgressViewDemoUITests.m */; };
		7788080C1E10FF0900803273 /* BasicViewController.m in Sources */ = {isa = PBXBuildFile; fileRef = 7788080B1E10FF0900803273 /* BasicViewController.m */; };
		778808101E11028E00803273 /* ArcViewController.m in Sources */ = {isa = PBXBuildFile; fileRef = 7788080F1E11028E00803273 /* ArcViewController.m */; };
		778808131E11029700803273 /* RoundViewController.m in Sources */ = {isa = PBXBuildFile; fileRef = 778808121E11029700803273 /* RoundViewController.m */; };
		9434CD9E1F21A6B1000E4187 /* UIView+RadarAnimation.m in Sources */ = {isa = PBXBuildFile; fileRef = 9434CD9D1F21A6B1000E4187 /* UIView+RadarAnimation.m */; };
		9434CDA11F21A722000E4187 /* RadarViewController.m in Sources */ = {isa = PBXBuildFile; fileRef = 9434CDA01F21A722000E4187 /* RadarViewController.m */; };
		944DCAD31F21EEB4004977AB /* LXCircle.m in Sources */ = {isa = PBXBuildFile; fileRef = 944DCAD21F21EEB4004977AB /* LXCircle.m */; };
		944DCAD91F21EEDE004977AB /* Arc2ViewController.m in Sources */ = {isa = PBXBuildFile; fileRef = 944DCAD81F21EEDE004977AB /* Arc2ViewController.m */; };
		C3CC024C1F23891400F659FD /* ChineseToPinyin.m in Sources */ = {isa = PBXBuildFile; fileRef = C3CC022D1F23891400F659FD /* ChineseToPinyin.m */; };
		C3CC024D1F23891400F659FD /* FTTextField.m in Sources */ = {isa = PBXBuildFile; fileRef = C3CC022F1F23891400F659FD /* FTTextField.m */; };
		C3CC024E1F23891400F659FD /* LxButton.m in Sources */ = {isa = PBXBuildFile; fileRef = C3CC02311F23891400F659FD /* LxButton.m */; };
		C3CC024F1F23891400F659FD /* LXTextView.m in Sources */ = {isa = PBXBuildFile; fileRef = C3CC02331F23891400F659FD /* LXTextView.m */; };
		C3CC02501F23891400F659FD /* NSString+LXCalender.m in Sources */ = {isa = PBXBuildFile; fileRef = C3CC02351F23891400F659FD /* NSString+LXCalender.m */; };
		C3CC02511F23891400F659FD /* QBQuSegmentView.m in Sources */ = {isa = PBXBuildFile; fileRef = C3CC02371F23891400F659FD /* QBQuSegmentView.m */; };
		C3CC02521F23891400F659FD /* UIButton+ImageTitleSpacing.m in Sources */ = {isa = PBXBuildFile; fileRef = C3CC02391F23891400F659FD /* UIButton+ImageTitleSpacing.m */; };
		C3CC02531F23891400F659FD /* UIColor+Expanded.m in Sources */ = {isa = PBXBuildFile; fileRef = C3CC023B1F23891400F659FD /* UIColor+Expanded.m */; };
		C3CC02541F23891400F659FD /* UIImage+colorImage.m in Sources */ = {isa = PBXBuildFile; fileRef = C3CC023D1F23891400F659FD /* UIImage+colorImage.m */; };
		C3CC02551F23891400F659FD /* UILabel+LXLabel.m in Sources */ = {isa = PBXBuildFile; fileRef = C3CC023F1F23891400F659FD /* UILabel+LXLabel.m */; };
		C3CC02561F23891400F659FD /* UITextField+TintAjust.m in Sources */ = {isa = PBXBuildFile; fileRef = C3CC02411F23891400F659FD /* UITextField+TintAjust.m */; };
		C3CC02571F23891400F659FD /* UIView+Frame.m in Sources */ = {isa = PBXBuildFile; fileRef = C3CC02431F23891400F659FD /* UIView+Frame.m */; };
		C3CC02581F23891400F659FD /* UIView+FTCornerdious.m in Sources */ = {isa = PBXBuildFile; fileRef = C3CC02451F23891400F659FD /* UIView+FTCornerdious.m */; };
		C3CC02591F23891400F659FD /* UIView+FTViewAdaptation.m in Sources */ = {isa = PBXBuildFile; fileRef = C3CC02471F23891400F659FD /* UIView+FTViewAdaptation.m */; };
		C3CC025A1F23891400F659FD /* UIView+Toast.m in Sources */ = {isa = PBXBuildFile; fileRef = C3CC02491F23891400F659FD /* UIView+Toast.m */; };
		C3CC025B1F23891400F659FD /* UIViewAdditions.m in Sources */ = {isa = PBXBuildFile; fileRef = C3CC024B1F23891400F659FD /* UIViewAdditions.m */; };
		C3CC025E1F23894B00F659FD /* AQiYiViewController.m in Sources */ = {isa = PBXBuildFile; fileRef = C3CC025D1F23894B00F659FD /* AQiYiViewController.m */; };
		C3CC02621F23896300F659FD /* AQYAnimationView.m in Sources */ = {isa = PBXBuildFile; fileRef = C3CC02611F23896300F659FD /* AQYAnimationView.m */; };
/* End PBXBuildFile section */

/* Begin PBXContainerItemProxy section */
		778807EA1E10FC1500803273 /* PBXContainerItemProxy */ = {
			isa = PBXContainerItemProxy;
			containerPortal = 778807C81E10FC1400803273 /* Project object */;
			proxyType = 1;
			remoteGlobalIDString = 778807CF1E10FC1400803273;
			remoteInfo = ProgressViewDemo;
		};
		778807F51E10FC1500803273 /* PBXContainerItemProxy */ = {
			isa = PBXContainerItemProxy;
			containerPortal = 778807C81E10FC1400803273 /* Project object */;
			proxyType = 1;
			remoteGlobalIDString = 778807CF1E10FC1400803273;
			remoteInfo = ProgressViewDemo;
		};
/* End PBXContainerItemProxy section */

/* Begin PBXFileReference section */
		7710670F1E1212E7001E87EE /* HubViewController.h */ = {isa = PBXFileReference; fileEncoding = 4; lastKnownFileType = sourcecode.c.h; path = HubViewController.h; sourceTree = "<group>"; };
		771067101E1212E7001E87EE /* HubViewController.m */ = {isa = PBXFileReference; fileEncoding = 4; lastKnownFileType = sourcecode.c.objc; path = HubViewController.m; sourceTree = "<group>"; };
		771067191E1213C1001E87EE /* WaveViewController.h */ = {isa = PBXFileReference; fileEncoding = 4; lastKnownFileType = sourcecode.c.h; path = WaveViewController.h; sourceTree = "<group>"; };
		7710671A1E1213C1001E87EE /* WaveViewController.m */ = {isa = PBXFileReference; fileEncoding = 4; lastKnownFileType = sourcecode.c.objc; path = WaveViewController.m; sourceTree = "<group>"; };
		7710671D1E121491001E87EE /* LXHubView.h */ = {isa = PBXFileReference; fileEncoding = 4; lastKnownFileType = sourcecode.c.h; path = LXHubView.h; sourceTree = "<group>"; };
		7710671E1E121491001E87EE /* LXHubView.m */ = {isa = PBXFileReference; fileEncoding = 4; lastKnownFileType = sourcecode.c.objc; path = LXHubView.m; sourceTree = "<group>"; };
		771067201E121491001E87EE /* ArcProgress.h */ = {isa = PBXFileReference; fileEncoding = 4; lastKnownFileType = sourcecode.c.h; path = ArcProgress.h; sourceTree = "<group>"; };
		771067211E121491001E87EE /* ArcProgress.m */ = {isa = PBXFileReference; fileEncoding = 4; lastKnownFileType = sourcecode.c.objc; path = ArcProgress.m; sourceTree = "<group>"; };
		771067231E121491001E87EE /* LXWave.h */ = {isa = PBXFileReference; fileEncoding = 4; lastKnownFileType = sourcecode.c.h; path = LXWave.h; sourceTree = "<group>"; };
		771067241E121491001E87EE /* LXWave.m */ = {isa = PBXFileReference; fileEncoding = 4; lastKnownFileType = sourcecode.c.objc; path = LXWave.m; sourceTree = "<group>"; };
		771067251E121491001E87EE /* LXWaveProgress.h */ = {isa = PBXFileReference; fileEncoding = 4; lastKnownFileType = sourcecode.c.h; path = LXWaveProgress.h; sourceTree = "<group>"; };
		771067261E121491001E87EE /* LXWaveProgress.m */ = {isa = PBXFileReference; fileEncoding = 4; lastKnownFileType = sourcecode.c.objc; path = LXWaveProgress.m; sourceTree = "<group>"; };
		771067281E121491001E87EE /* CircleView.h */ = {isa = PBXFileReference; fileEncoding = 4; lastKnownFileType = sourcecode.c.h; path = CircleView.h; sourceTree = "<group>"; };
		771067291E121491001E87EE /* CircleView.m */ = {isa = PBXFileReference; fileEncoding = 4; lastKnownFileType = sourcecode.c.objc; path = CircleView.m; sourceTree = "<group>"; };
		771067301E121517001E87EE /* shipeAnimation.h */ = {isa = PBXFileReference; fileEncoding = 4; lastKnownFileType = sourcecode.c.h; path = shipeAnimation.h; sourceTree = "<group>"; };
		771067311E121517001E87EE /* shipeAnimation.m */ = {isa = PBXFileReference; fileEncoding = 4; lastKnownFileType = sourcecode.c.objc; path = shipeAnimation.m; sourceTree = "<group>"; };
		771067331E1215C1001E87EE /* ShipeViewController.h */ = {isa = PBXFileReference; fileEncoding = 4; lastKnownFileType = sourcecode.c.h; path = ShipeViewController.h; sourceTree = "<group>"; };
		771067341E1215C1001E87EE /* ShipeViewController.m */ = {isa = PBXFileReference; fileEncoding = 4; lastKnownFileType = sourcecode.c.objc; path = ShipeViewController.m; sourceTree = "<group>"; };
		771067361E121686001E87EE /* chuan@2x.png */ = {isa = PBXFileReference; lastKnownFileType = image.png; path = "chuan@2x.png"; sourceTree = "<group>"; };
		771067381E121809001E87EE /* dahai.jpg */ = {isa = PBXFileReference; lastKnownFileType = image.jpeg; path = dahai.jpg; sourceTree = "<group>"; };
		778807D01E10FC1400803273 /* ProgressViewDemo.app */ = {isa = PBXFileReference; explicitFileType = wrapper.application; includeInIndex = 0; path = ProgressViewDemo.app; sourceTree = BUILT_PRODUCTS_DIR; };
		778807D41E10FC1500803273 /* main.m */ = {isa = PBXFileReference; lastKnownFileType = sourcecode.c.objc; path = main.m; sourceTree = "<group>"; };
		778807D61E10FC1500803273 /* AppDelegate.h */ = {isa = PBXFileReference; lastKnownFileType = sourcecode.c.h; path = AppDelegate.h; sourceTree = "<group>"; };
		778807D71E10FC1500803273 /* AppDelegate.m */ = {isa = PBXFileReference; lastKnownFileType = sourcecode.c.objc; path = AppDelegate.m; sourceTree = "<group>"; };
		778807D91E10FC1500803273 /* ViewController.h */ = {isa = PBXFileReference; lastKnownFileType = sourcecode.c.h; path = ViewController.h; sourceTree = "<group>"; };
		778807DA1E10FC1500803273 /* ViewController.m */ = {isa = PBXFileReference; lastKnownFileType = sourcecode.c.objc; path = ViewController.m; sourceTree = "<group>"; };
		778807DD1E10FC1500803273 /* Base */ = {isa = PBXFileReference; lastKnownFileType = file.storyboard; name = Base; path = Base.lproj/Main.storyboard; sourceTree = "<group>"; };
		778807DF1E10FC1500803273 /* Assets.xcassets */ = {isa = PBXFileReference; lastKnownFileType = folder.assetcatalog; path = Assets.xcassets; sourceTree = "<group>"; };
		778807E21E10FC1500803273 /* Base */ = {isa = PBXFileReference; lastKnownFileType = file.storyboard; name = Base; path = Base.lproj/LaunchScreen.storyboard; sourceTree = "<group>"; };
		778807E41E10FC1500803273 /* Info.plist */ = {isa = PBXFileReference; lastKnownFileType = text.plist.xml; path = Info.plist; sourceTree = "<group>"; };
		778807E91E10FC1500803273 /* ProgressViewDemoTests.xctest */ = {isa = PBXFileReference; explicitFileType = wrapper.cfbundle; includeInIndex = 0; path = ProgressViewDemoTests.xctest; sourceTree = BUILT_PRODUCTS_DIR; };
		778807ED1E10FC1500803273 /* ProgressViewDemoTests.m */ = {isa = PBXFileReference; lastKnownFileType = sourcecode.c.objc; path = ProgressViewDemoTests.m; sourceTree = "<group>"; };
		778807EF1E10FC1500803273 /* Info.plist */ = {isa = PBXFileReference; lastKnownFileType = text.plist.xml; path = Info.plist; sourceTree = "<group>"; };
		778807F41E10FC1500803273 /* ProgressViewDemoUITests.xctest */ = {isa = PBXFileReference; explicitFileType = wrapper.cfbundle; includeInIndex = 0; path = ProgressViewDemoUITests.xctest; sourceTree = BUILT_PRODUCTS_DIR; };
		778807F81E10FC1500803273 /* ProgressViewDemoUITests.m */ = {isa = PBXFileReference; lastKnownFileType = sourcecode.c.objc; path = ProgressViewDemoUITests.m; sourceTree = "<group>"; };
		778807FA1E10FC1500803273 /* Info.plist */ = {isa = PBXFileReference; lastKnownFileType = text.plist.xml; path = Info.plist; sourceTree = "<group>"; };
		7788080A1E10FF0900803273 /* BasicViewController.h */ = {isa = PBXFileReference; fileEncoding = 4; lastKnownFileType = sourcecode.c.h; path = BasicViewController.h; sourceTree = "<group>"; };
		7788080B1E10FF0900803273 /* BasicViewController.m */ = {isa = PBXFileReference; fileEncoding = 4; lastKnownFileType = sourcecode.c.objc; path = BasicViewController.m; sourceTree = "<group>"; };
		7788080E1E11028E00803273 /* ArcViewController.h */ = {isa = PBXFileReference; fileEncoding = 4; lastKnownFileType = sourcecode.c.h; path = ArcViewController.h; sourceTree = "<group>"; };
		7788080F1E11028E00803273 /* ArcViewController.m */ = {isa = PBXFileReference; fileEncoding = 4; lastKnownFileType = sourcecode.c.objc; path = ArcViewController.m; sourceTree = "<group>"; };
		778808111E11029700803273 /* RoundViewController.h */ = {isa = PBXFileReference; fileEncoding = 4; lastKnownFileType = sourcecode.c.h; path = RoundViewController.h; sourceTree = "<group>"; };
		778808121E11029700803273 /* RoundViewController.m */ = {isa = PBXFileReference; fileEncoding = 4; lastKnownFileType = sourcecode.c.objc; path = RoundViewController.m; sourceTree = "<group>"; };
		9434CD9C1F21A6B1000E4187 /* UIView+RadarAnimation.h */ = {isa = PBXFileReference; fileEncoding = 4; lastKnownFileType = sourcecode.c.h; path = "UIView+RadarAnimation.h"; sourceTree = "<group>"; };
		9434CD9D1F21A6B1000E4187 /* UIView+RadarAnimation.m */ = {isa = PBXFileReference; fileEncoding = 4; lastKnownFileType = sourcecode.c.objc; path = "UIView+RadarAnimation.m"; sourceTree = "<group>"; };
		9434CD9F1F21A722000E4187 /* RadarViewController.h */ = {isa = PBXFileReference; fileEncoding = 4; lastKnownFileType = sourcecode.c.h; path = RadarViewController.h; sourceTree = "<group>"; };
		9434CDA01F21A722000E4187 /* RadarViewController.m */ = {isa = PBXFileReference; fileEncoding = 4; lastKnownFileType = sourcecode.c.objc; path = RadarViewController.m; sourceTree = "<group>"; };
		944DCAD11F21EEB4004977AB /* LXCircle.h */ = {isa = PBXFileReference; fileEncoding = 4; lastKnownFileType = sourcecode.c.h; path = LXCircle.h; sourceTree = "<group>"; };
		944DCAD21F21EEB4004977AB /* LXCircle.m */ = {isa = PBXFileReference; fileEncoding = 4; lastKnownFileType = sourcecode.c.objc; path = LXCircle.m; sourceTree = "<group>"; };
		944DCAD71F21EEDE004977AB /* Arc2ViewController.h */ = {isa = PBXFileReference; fileEncoding = 4; lastKnownFileType = sourcecode.c.h; path = Arc2ViewController.h; sourceTree = "<group>"; };
		944DCAD81F21EEDE004977AB /* Arc2ViewController.m */ = {isa = PBXFileReference; fileEncoding = 4; lastKnownFileType = sourcecode.c.objc; path = Arc2ViewController.m; sourceTree = "<group>"; };
		C3CC022A1F2388BD00F659FD /* PrefixHeader.pch */ = {isa = PBXFileReference; fileEncoding = 4; lastKnownFileType = sourcecode.c.h; path = PrefixHeader.pch; sourceTree = "<group>"; };
		C3CC022C1F23891400F659FD /* ChineseToPinyin.h */ = {isa = PBXFileReference; fileEncoding = 4; lastKnownFileType = sourcecode.c.h; path = ChineseToPinyin.h; sourceTree = "<group>"; };
		C3CC022D1F23891400F659FD /* ChineseToPinyin.m */ = {isa = PBXFileReference; fileEncoding = 4; lastKnownFileType = sourcecode.c.objc; path = ChineseToPinyin.m; sourceTree = "<group>"; };
		C3CC022E1F23891400F659FD /* FTTextField.h */ = {isa = PBXFileReference; fileEncoding = 4; lastKnownFileType = sourcecode.c.h; path = FTTextField.h; sourceTree = "<group>"; };
		C3CC022F1F23891400F659FD /* FTTextField.m */ = {isa = PBXFileReference; fileEncoding = 4; lastKnownFileType = sourcecode.c.objc; path = FTTextField.m; sourceTree = "<group>"; };
		C3CC02301F23891400F659FD /* LxButton.h */ = {isa = PBXFileReference; fileEncoding = 4; lastKnownFileType = sourcecode.c.h; path = LxButton.h; sourceTree = "<group>"; };
		C3CC02311F23891400F659FD /* LxButton.m */ = {isa = PBXFileReference; fileEncoding = 4; lastKnownFileType = sourcecode.c.objc; path = LxButton.m; sourceTree = "<group>"; };
		C3CC02321F23891400F659FD /* LXTextView.h */ = {isa = PBXFileReference; fileEncoding = 4; lastKnownFileType = sourcecode.c.h; path = LXTextView.h; sourceTree = "<group>"; };
		C3CC02331F23891400F659FD /* LXTextView.m */ = {isa = PBXFileReference; fileEncoding = 4; lastKnownFileType = sourcecode.c.objc; path = LXTextView.m; sourceTree = "<group>"; };
		C3CC02341F23891400F659FD /* NSString+LXCalender.h */ = {isa = PBXFileReference; fileEncoding = 4; lastKnownFileType = sourcecode.c.h; path = "NSString+LXCalender.h"; sourceTree = "<group>"; };
		C3CC02351F23891400F659FD /* NSString+LXCalender.m */ = {isa = PBXFileReference; fileEncoding = 4; lastKnownFileType = sourcecode.c.objc; path = "NSString+LXCalender.m"; sourceTree = "<group>"; };
		C3CC02361F23891400F659FD /* QBQuSegmentView.h */ = {isa = PBXFileReference; fileEncoding = 4; lastKnownFileType = sourcecode.c.h; path = QBQuSegmentView.h; sourceTree = "<group>"; };
		C3CC02371F23891400F659FD /* QBQuSegmentView.m */ = {isa = PBXFileReference; fileEncoding = 4; lastKnownFileType = sourcecode.c.objc; path = QBQuSegmentView.m; sourceTree = "<group>"; };
		C3CC02381F23891400F659FD /* UIButton+ImageTitleSpacing.h */ = {isa = PBXFileReference; fileEncoding = 4; lastKnownFileType = sourcecode.c.h; path = "UIButton+ImageTitleSpacing.h"; sourceTree = "<group>"; };
		C3CC02391F23891400F659FD /* UIButton+ImageTitleSpacing.m */ = {isa = PBXFileReference; fileEncoding = 4; lastKnownFileType = sourcecode.c.objc; path = "UIButton+ImageTitleSpacing.m"; sourceTree = "<group>"; };
		C3CC023A1F23891400F659FD /* UIColor+Expanded.h */ = {isa = PBXFileReference; fileEncoding = 4; lastKnownFileType = sourcecode.c.h; path = "UIColor+Expanded.h"; sourceTree = "<group>"; };
		C3CC023B1F23891400F659FD /* UIColor+Expanded.m */ = {isa = PBXFileReference; fileEncoding = 4; lastKnownFileType = sourcecode.c.objc; path = "UIColor+Expanded.m"; sourceTree = "<group>"; };
		C3CC023C1F23891400F659FD /* UIImage+colorImage.h */ = {isa = PBXFileReference; fileEncoding = 4; lastKnownFileType = sourcecode.c.h; path = "UIImage+colorImage.h"; sourceTree = "<group>"; };
		C3CC023D1F23891400F659FD /* UIImage+colorImage.m */ = {isa = PBXFileReference; fileEncoding = 4; lastKnownFileType = sourcecode.c.objc; path = "UIImage+colorImage.m"; sourceTree = "<group>"; };
		C3CC023E1F23891400F659FD /* UILabel+LXLabel.h */ = {isa = PBXFileReference; fileEncoding = 4; lastKnownFileType = sourcecode.c.h; path = "UILabel+LXLabel.h"; sourceTree = "<group>"; };
		C3CC023F1F23891400F659FD /* UILabel+LXLabel.m */ = {isa = PBXFileReference; fileEncoding = 4; lastKnownFileType = sourcecode.c.objc; path = "UILabel+LXLabel.m"; sourceTree = "<group>"; };
		C3CC02401F23891400F659FD /* UITextField+TintAjust.h */ = {isa = PBXFileReference; fileEncoding = 4; lastKnownFileType = sourcecode.c.h; path = "UITextField+TintAjust.h"; sourceTree = "<group>"; };
		C3CC02411F23891400F659FD /* UITextField+TintAjust.m */ = {isa = PBXFileReference; fileEncoding = 4; lastKnownFileType = sourcecode.c.objc; path = "UITextField+TintAjust.m"; sourceTree = "<group>"; };
		C3CC02421F23891400F659FD /* UIView+Frame.h */ = {isa = PBXFileReference; fileEncoding = 4; lastKnownFileType = sourcecode.c.h; path = "UIView+Frame.h"; sourceTree = "<group>"; };
		C3CC02431F23891400F659FD /* UIView+Frame.m */ = {isa = PBXFileReference; fileEncoding = 4; lastKnownFileType = sourcecode.c.objc; path = "UIView+Frame.m"; sourceTree = "<group>"; };
		C3CC02441F23891400F659FD /* UIView+FTCornerdious.h */ = {isa = PBXFileReference; fileEncoding = 4; lastKnownFileType = sourcecode.c.h; path = "UIView+FTCornerdious.h"; sourceTree = "<group>"; };
		C3CC02451F23891400F659FD /* UIView+FTCornerdious.m */ = {isa = PBXFileReference; fileEncoding = 4; lastKnownFileType = sourcecode.c.objc; path = "UIView+FTCornerdious.m"; sourceTree = "<group>"; };
		C3CC02461F23891400F659FD /* UIView+FTViewAdaptation.h */ = {isa = PBXFileReference; fileEncoding = 4; lastKnownFileType = sourcecode.c.h; path = "UIView+FTViewAdaptation.h"; sourceTree = "<group>"; };
		C3CC02471F23891400F659FD /* UIView+FTViewAdaptation.m */ = {isa = PBXFileReference; fileEncoding = 4; lastKnownFileType = sourcecode.c.objc; path = "UIView+FTViewAdaptation.m"; sourceTree = "<group>"; };
		C3CC02481F23891400F659FD /* UIView+Toast.h */ = {isa = PBXFileReference; fileEncoding = 4; lastKnownFileType = sourcecode.c.h; path = "UIView+Toast.h"; sourceTree = "<group>"; };
		C3CC02491F23891400F659FD /* UIView+Toast.m */ = {isa = PBXFileReference; fileEncoding = 4; lastKnownFileType = sourcecode.c.objc; path = "UIView+Toast.m"; sourceTree = "<group>"; };
		C3CC024A1F23891400F659FD /* UIViewAdditions.h */ = {isa = PBXFileReference; fileEncoding = 4; lastKnownFileType = sourcecode.c.h; path = UIViewAdditions.h; sourceTree = "<group>"; };
		C3CC024B1F23891400F659FD /* UIViewAdditions.m */ = {isa = PBXFileReference; fileEncoding = 4; lastKnownFileType = sourcecode.c.objc; path = UIViewAdditions.m; sourceTree = "<group>"; };
		C3CC025C1F23894B00F659FD /* AQiYiViewController.h */ = {isa = PBXFileReference; fileEncoding = 4; lastKnownFileType = sourcecode.c.h; path = AQiYiViewController.h; sourceTree = "<group>"; };
		C3CC025D1F23894B00F659FD /* AQiYiViewController.m */ = {isa = PBXFileReference; fileEncoding = 4; lastKnownFileType = sourcecode.c.objc; path = AQiYiViewController.m; sourceTree = "<group>"; };
		C3CC02601F23896300F659FD /* AQYAnimationView.h */ = {isa = PBXFileReference; fileEncoding = 4; lastKnownFileType = sourcecode.c.h; path = AQYAnimationView.h; sourceTree = "<group>"; };
		C3CC02611F23896300F659FD /* AQYAnimationView.m */ = {isa = PBXFileReference; fileEncoding = 4; lastKnownFileType = sourcecode.c.objc; path = AQYAnimationView.m; sourceTree = "<group>"; };
/* End PBXFileReference section */

/* Begin PBXFrameworksBuildPhase section */
		778807CD1E10FC1400803273 /* Frameworks */ = {
			isa = PBXFrameworksBuildPhase;
			buildActionMask = 2147483647;
			files = (
			);
			runOnlyForDeploymentPostprocessing = 0;
		};
		778807E61E10FC1500803273 /* Frameworks */ = {
			isa = PBXFrameworksBuildPhase;
			buildActionMask = 2147483647;
			files = (
			);
			runOnlyForDeploymentPostprocessing = 0;
		};
		778807F11E10FC1500803273 /* Frameworks */ = {
			isa = PBXFrameworksBuildPhase;
			buildActionMask = 2147483647;
			files = (
			);
			runOnlyForDeploymentPostprocessing = 0;
		};
/* End PBXFrameworksBuildPhase section */

/* Begin PBXGroup section */
		7710671C1E121491001E87EE /* 加载动画 */ = {
			isa = PBXGroup;
			children = (
				7710671D1E121491001E87EE /* LXHubView.h */,
				7710671E1E121491001E87EE /* LXHubView.m */,
			);
			path = "加载动画";
			sourceTree = "<group>";
		};
		7710671F1E121491001E87EE /* 扇形进度 */ = {
			isa = PBXGroup;
			children = (
				771067201E121491001E87EE /* ArcProgress.h */,
				771067211E121491001E87EE /* ArcProgress.m */,
			);
			path = "扇形进度";
			sourceTree = "<group>";
		};
		771067221E121491001E87EE /* 水波纹注水动画 */ = {
			isa = PBXGroup;
			children = (
				771067231E121491001E87EE /* LXWave.h */,
				771067241E121491001E87EE /* LXWave.m */,
				771067251E121491001E87EE /* LXWaveProgress.h */,
				771067261E121491001E87EE /* LXWaveProgress.m */,
			);
			path = "水波纹注水动画";
			sourceTree = "<group>";
		};
		771067271E121491001E87EE /* 圆弧进度 */ = {
			isa = PBXGroup;
			children = (
				771067281E121491001E87EE /* CircleView.h */,
				771067291E121491001E87EE /* CircleView.m */,
			);
			path = "圆弧进度";
			sourceTree = "<group>";
		};
		7710672F1E1214D3001E87EE /* 正余弦动画 */ = {
			isa = PBXGroup;
			children = (
				771067301E121517001E87EE /* shipeAnimation.h */,
				771067311E121517001E87EE /* shipeAnimation.m */,
			);
			path = "正余弦动画";
			sourceTree = "<group>";
		};
		778807C71E10FC1400803273 = {
			isa = PBXGroup;
			children = (
				778807D21E10FC1400803273 /* ProgressViewDemo */,
				778807EC1E10FC1500803273 /* ProgressViewDemoTests */,
				778807F71E10FC1500803273 /* ProgressViewDemoUITests */,
				778807D11E10FC1400803273 /* Products */,
			);
			sourceTree = "<group>";
		};
		778807D11E10FC1400803273 /* Products */ = {
			isa = PBXGroup;
			children = (
				778807D01E10FC1400803273 /* ProgressViewDemo.app */,
				778807E91E10FC1500803273 /* ProgressViewDemoTests.xctest */,
				778807F41E10FC1500803273 /* ProgressViewDemoUITests.xctest */,
			);
			name = Products;
			sourceTree = "<group>";
		};
		778807D21E10FC1400803273 /* ProgressViewDemo */ = {
			isa = PBXGroup;
			children = (
				778807D61E10FC1500803273 /* AppDelegate.h */,
				778807D71E10FC1500803273 /* AppDelegate.m */,
				7788080A1E10FF0900803273 /* BasicViewController.h */,
				7788080B1E10FF0900803273 /* BasicViewController.m */,
				778807D91E10FC1500803273 /* ViewController.h */,
				778807DA1E10FC1500803273 /* ViewController.m */,
				7788080E1E11028E00803273 /* ArcViewController.h */,
				7788080F1E11028E00803273 /* ArcViewController.m */,
				778808111E11029700803273 /* RoundViewController.h */,
				778808121E11029700803273 /* RoundViewController.m */,
				7710670F1E1212E7001E87EE /* HubViewController.h */,
				771067101E1212E7001E87EE /* HubViewController.m */,
				771067381E121809001E87EE /* dahai.jpg */,
				771067191E1213C1001E87EE /* WaveViewController.h */,
				7710671A1E1213C1001E87EE /* WaveViewController.m */,
				771067331E1215C1001E87EE /* ShipeViewController.h */,
				771067341E1215C1001E87EE /* ShipeViewController.m */,
				9434CD9F1F21A722000E4187 /* RadarViewController.h */,
				9434CDA01F21A722000E4187 /* RadarViewController.m */,
				944DCAD71F21EEDE004977AB /* Arc2ViewController.h */,
				944DCAD81F21EEDE004977AB /* Arc2ViewController.m */,
				C3CC025C1F23894B00F659FD /* AQiYiViewController.h */,
				C3CC025D1F23894B00F659FD /* AQiYiViewController.m */,
				778808061E10FC3900803273 /* ProgressViewCategory */,
				778807DC1E10FC1500803273 /* Main.storyboard */,
				778807DF1E10FC1500803273 /* Assets.xcassets */,
				778807E11E10FC1500803273 /* LaunchScreen.storyboard */,
				778807E41E10FC1500803273 /* Info.plist */,
				778807D31E10FC1500803273 /* Supporting Files */,
			);
			path = ProgressViewDemo;
			sourceTree = "<group>";
		};
		778807D31E10FC1500803273 /* Supporting Files */ = {
			isa = PBXGroup;
			children = (
				C3CC022B1F23891400F659FD /* FTCategory */,
				C3CC022A1F2388BD00F659FD /* PrefixHeader.pch */,
				778807D41E10FC1500803273 /* main.m */,
			);
			name = "Supporting Files";
			sourceTree = "<group>";
		};
		778807EC1E10FC1500803273 /* ProgressViewDemoTests */ = {
			isa = PBXGroup;
			children = (
				778807ED1E10FC1500803273 /* ProgressViewDemoTests.m */,
				778807EF1E10FC1500803273 /* Info.plist */,
			);
			path = ProgressViewDemoTests;
			sourceTree = "<group>";
		};
		778807F71E10FC1500803273 /* ProgressViewDemoUITests */ = {
			isa = PBXGroup;
			children = (
				778807F81E10FC1500803273 /* ProgressViewDemoUITests.m */,
				778807FA1E10FC1500803273 /* Info.plist */,
			);
			path = ProgressViewDemoUITests;
			sourceTree = "<group>";
		};
		778808061E10FC3900803273 /* ProgressViewCategory */ = {
			isa = PBXGroup;
			children = (
				771067361E121686001E87EE /* chuan@2x.png */,
				C3CC025F1F23896300F659FD /* AiqiyiAnimation */,
				944DCAD01F21EEA7004977AB /* 圆弧进度2 */,
				9434CD9B1F21A686000E4187 /* 雷达动画 */,
				7710672F1E1214D3001E87EE /* 正余弦动画 */,
				7710671C1E121491001E87EE /* 加载动画 */,
				7710671F1E121491001E87EE /* 扇形进度 */,
				771067221E121491001E87EE /* 水波纹注水动画 */,
				771067271E121491001E87EE /* 圆弧进度 */,
			);
			path = ProgressViewCategory;
			sourceTree = "<group>";
		};
		9434CD9B1F21A686000E4187 /* 雷达动画 */ = {
			isa = PBXGroup;
			children = (
				9434CD9C1F21A6B1000E4187 /* UIView+RadarAnimation.h */,
				9434CD9D1F21A6B1000E4187 /* UIView+RadarAnimation.m */,
			);
			path = "雷达动画";
			sourceTree = "<group>";
		};
		944DCAD01F21EEA7004977AB /* 圆弧进度2 */ = {
			isa = PBXGroup;
			children = (
				944DCAD11F21EEB4004977AB /* LXCircle.h */,
				944DCAD21F21EEB4004977AB /* LXCircle.m */,
			);
			path = "圆弧进度2";
			sourceTree = "<group>";
		};
		C3CC022B1F23891400F659FD /* FTCategory */ = {
			isa = PBXGroup;
			children = (
				C3CC022C1F23891400F659FD /* ChineseToPinyin.h */,
				C3CC022D1F23891400F659FD /* ChineseToPinyin.m */,
				C3CC022E1F23891400F659FD /* FTTextField.h */,
				C3CC022F1F23891400F659FD /* FTTextField.m */,
				C3CC02301F23891400F659FD /* LxButton.h */,
				C3CC02311F23891400F659FD /* LxButton.m */,
				C3CC02321F23891400F659FD /* LXTextView.h */,
				C3CC02331F23891400F659FD /* LXTextView.m */,
				C3CC02341F23891400F659FD /* NSString+LXCalender.h */,
				C3CC02351F23891400F659FD /* NSString+LXCalender.m */,
				C3CC02361F23891400F659FD /* QBQuSegmentView.h */,
				C3CC02371F23891400F659FD /* QBQuSegmentView.m */,
				C3CC02381F23891400F659FD /* UIButton+ImageTitleSpacing.h */,
				C3CC02391F23891400F659FD /* UIButton+ImageTitleSpacing.m */,
				C3CC023A1F23891400F659FD /* UIColor+Expanded.h */,
				C3CC023B1F23891400F659FD /* UIColor+Expanded.m */,
				C3CC023C1F23891400F659FD /* UIImage+colorImage.h */,
				C3CC023D1F23891400F659FD /* UIImage+colorImage.m */,
				C3CC023E1F23891400F659FD /* UILabel+LXLabel.h */,
				C3CC023F1F23891400F659FD /* UILabel+LXLabel.m */,
				C3CC02401F23891400F659FD /* UITextField+TintAjust.h */,
				C3CC02411F23891400F659FD /* UITextField+TintAjust.m */,
				C3CC02421F23891400F659FD /* UIView+Frame.h */,
				C3CC02431F23891400F659FD /* UIView+Frame.m */,
				C3CC02441F23891400F659FD /* UIView+FTCornerdious.h */,
				C3CC02451F23891400F659FD /* UIView+FTCornerdious.m */,
				C3CC02461F23891400F659FD /* UIView+FTViewAdaptation.h */,
				C3CC02471F23891400F659FD /* UIView+FTViewAdaptation.m */,
				C3CC02481F23891400F659FD /* UIView+Toast.h */,
				C3CC02491F23891400F659FD /* UIView+Toast.m */,
				C3CC024A1F23891400F659FD /* UIViewAdditions.h */,
				C3CC024B1F23891400F659FD /* UIViewAdditions.m */,
			);
			path = FTCategory;
			sourceTree = "<group>";
		};
		C3CC025F1F23896300F659FD /* AiqiyiAnimation */ = {
			isa = PBXGroup;
			children = (
				C3CC02601F23896300F659FD /* AQYAnimationView.h */,
				C3CC02611F23896300F659FD /* AQYAnimationView.m */,
			);
			path = AiqiyiAnimation;
			sourceTree = "<group>";
		};
/* End PBXGroup section */

/* Begin PBXNativeTarget section */
		778807CF1E10FC1400803273 /* ProgressViewDemo */ = {
			isa = PBXNativeTarget;
			buildConfigurationList = 778807FD1E10FC1500803273 /* Build configuration list for PBXNativeTarget "ProgressViewDemo" */;
			buildPhases = (
				778807CC1E10FC1400803273 /* Sources */,
				778807CD1E10FC1400803273 /* Frameworks */,
				778807CE1E10FC1400803273 /* Resources */,
			);
			buildRules = (
			);
			dependencies = (
			);
			name = ProgressViewDemo;
			productName = ProgressViewDemo;
			productReference = 778807D01E10FC1400803273 /* ProgressViewDemo.app */;
			productType = "com.apple.product-type.application";
		};
		778807E81E10FC1500803273 /* ProgressViewDemoTests */ = {
			isa = PBXNativeTarget;
			buildConfigurationList = 778808001E10FC1500803273 /* Build configuration list for PBXNativeTarget "ProgressViewDemoTests" */;
			buildPhases = (
				778807E51E10FC1500803273 /* Sources */,
				778807E61E10FC1500803273 /* Frameworks */,
				778807E71E10FC1500803273 /* Resources */,
			);
			buildRules = (
			);
			dependencies = (
				778807EB1E10FC1500803273 /* PBXTargetDependency */,
			);
			name = ProgressViewDemoTests;
			productName = ProgressViewDemoTests;
			productReference = 778807E91E10FC1500803273 /* ProgressViewDemoTests.xctest */;
			productType = "com.apple.product-type.bundle.unit-test";
		};
		778807F31E10FC1500803273 /* ProgressViewDemoUITests */ = {
			isa = PBXNativeTarget;
			buildConfigurationList = 778808031E10FC1500803273 /* Build configuration list for PBXNativeTarget "ProgressViewDemoUITests" */;
			buildPhases = (
				778807F01E10FC1500803273 /* Sources */,
				778807F11E10FC1500803273 /* Frameworks */,
				778807F21E10FC1500803273 /* Resources */,
			);
			buildRules = (
			);
			dependencies = (
				778807F61E10FC1500803273 /* PBXTargetDependency */,
			);
			name = ProgressViewDemoUITests;
			productName = ProgressViewDemoUITests;
			productReference = 778807F41E10FC1500803273 /* ProgressViewDemoUITests.xctest */;
			productType = "com.apple.product-type.bundle.ui-testing";
		};
/* End PBXNativeTarget section */

/* Begin PBXProject section */
		778807C81E10FC1400803273 /* Project object */ = {
			isa = PBXProject;
			attributes = {
				LastUpgradeCheck = 0800;
				ORGANIZATIONNAME = "漫漫";
				TargetAttributes = {
					778807CF1E10FC1400803273 = {
						CreatedOnToolsVersion = 8.0;
						DevelopmentTeam = YQSV9JS5Z8;
						ProvisioningStyle = Automatic;
					};
					778807E81E10FC1500803273 = {
						CreatedOnToolsVersion = 8.0;
						DevelopmentTeam = YQSV9JS5Z8;
						ProvisioningStyle = Automatic;
						TestTargetID = 778807CF1E10FC1400803273;
					};
					778807F31E10FC1500803273 = {
						CreatedOnToolsVersion = 8.0;
						DevelopmentTeam = YQSV9JS5Z8;
						ProvisioningStyle = Automatic;
						TestTargetID = 778807CF1E10FC1400803273;
					};
				};
			};
			buildConfigurationList = 778807CB1E10FC1400803273 /* Build configuration list for PBXProject "ProgressViewDemo" */;
			compatibilityVersion = "Xcode 3.2";
			developmentRegion = English;
			hasScannedForEncodings = 0;
			knownRegions = (
				en,
				Base,
			);
			mainGroup = 778807C71E10FC1400803273;
			productRefGroup = 778807D11E10FC1400803273 /* Products */;
			projectDirPath = "";
			projectRoot = "";
			targets = (
				778807CF1E10FC1400803273 /* ProgressViewDemo */,
				778807E81E10FC1500803273 /* ProgressViewDemoTests */,
				778807F31E10FC1500803273 /* ProgressViewDemoUITests */,
			);
		};
/* End PBXProject section */

/* Begin PBXResourcesBuildPhase section */
		778807CE1E10FC1400803273 /* Resources */ = {
			isa = PBXResourcesBuildPhase;
			buildActionMask = 2147483647;
			files = (
				771067391E121809001E87EE /* dahai.jpg in Resources */,
				771067371E121686001E87EE /* chuan@2x.png in Resources */,
				778807E31E10FC1500803273 /* LaunchScreen.storyboard in Resources */,
				778807E01E10FC1500803273 /* Assets.xcassets in Resources */,
				778807DE1E10FC1500803273 /* Main.storyboard in Resources */,
			);
			runOnlyForDeploymentPostprocessing = 0;
		};
		778807E71E10FC1500803273 /* Resources */ = {
			isa = PBXResourcesBuildPhase;
			buildActionMask = 2147483647;
			files = (
			);
			runOnlyForDeploymentPostprocessing = 0;
		};
		778807F21E10FC1500803273 /* Resources */ = {
			isa = PBXResourcesBuildPhase;
			buildActionMask = 2147483647;
			files = (
			);
			runOnlyForDeploymentPostprocessing = 0;
		};
/* End PBXResourcesBuildPhase section */

/* Begin PBXSourcesBuildPhase section */
		778807CC1E10FC1400803273 /* Sources */ = {
			isa = PBXSourcesBuildPhase;
			buildActionMask = 2147483647;
			files = (
				9434CDA11F21A722000E4187 /* RadarViewController.m in Sources */,
				C3CC02571F23891400F659FD /* UIView+Frame.m in Sources */,
				C3CC02541F23891400F659FD /* UIImage+colorImage.m in Sources */,
				C3CC02561F23891400F659FD /* UITextField+TintAjust.m in Sources */,
				C3CC024C1F23891400F659FD /* ChineseToPinyin.m in Sources */,
				C3CC02521F23891400F659FD /* UIButton+ImageTitleSpacing.m in Sources */,
				C3CC024F1F23891400F659FD /* LXTextView.m in Sources */,
				9434CD9E1F21A6B1000E4187 /* UIView+RadarAnimation.m in Sources */,
				C3CC02621F23896300F659FD /* AQYAnimationView.m in Sources */,
				C3CC025A1F23891400F659FD /* UIView+Toast.m in Sources */,
				944DCAD91F21EEDE004977AB /* Arc2ViewController.m in Sources */,
				C3CC02501F23891400F659FD /* NSString+LXCalender.m in Sources */,
				771067321E121517001E87EE /* shipeAnimation.m in Sources */,
				7710672A1E121491001E87EE /* LXHubView.m in Sources */,
				C3CC02531F23891400F659FD /* UIColor+Expanded.m in Sources */,
				778808131E11029700803273 /* RoundViewController.m in Sources */,
				771067351E1215C1001E87EE /* ShipeViewController.m in Sources */,
				C3CC025E1F23894B00F659FD /* AQiYiViewController.m in Sources */,
				C3CC025B1F23891400F659FD /* UIViewAdditions.m in Sources */,
				7710671B1E1213C1001E87EE /* WaveViewController.m in Sources */,
				7710672D1E121491001E87EE /* LXWaveProgress.m in Sources */,
				7710672C1E121491001E87EE /* LXWave.m in Sources */,
				944DCAD31F21EEB4004977AB /* LXCircle.m in Sources */,
				778807DB1E10FC1500803273 /* ViewController.m in Sources */,
				C3CC02511F23891400F659FD /* QBQuSegmentView.m in Sources */,
				778808101E11028E00803273 /* ArcViewController.m in Sources */,
				7710672B1E121491001E87EE /* ArcProgress.m in Sources */,
				C3CC024E1F23891400F659FD /* LxButton.m in Sources */,
				7710672E1E121491001E87EE /* CircleView.m in Sources */,
				C3CC02551F23891400F659FD /* UILabel+LXLabel.m in Sources */,
				C3CC024D1F23891400F659FD /* FTTextField.m in Sources */,
				C3CC02591F23891400F659FD /* UIView+FTViewAdaptation.m in Sources */,
				778807D81E10FC1500803273 /* AppDelegate.m in Sources */,
				C3CC02581F23891400F659FD /* UIView+FTCornerdious.m in Sources */,
				771067111E1212E7001E87EE /* HubViewController.m in Sources */,
				778807D51E10FC1500803273 /* main.m in Sources */,
				7788080C1E10FF0900803273 /* BasicViewController.m in Sources */,
			);
			runOnlyForDeploymentPostprocessing = 0;
		};
		778807E51E10FC1500803273 /* Sources */ = {
			isa = PBXSourcesBuildPhase;
			buildActionMask = 2147483647;
			files = (
				778807EE1E10FC1500803273 /* ProgressViewDemoTests.m in Sources */,
			);
			runOnlyForDeploymentPostprocessing = 0;
		};
		778807F01E10FC1500803273 /* Sources */ = {
			isa = PBXSourcesBuildPhase;
			buildActionMask = 2147483647;
			files = (
				778807F91E10FC1500803273 /* ProgressViewDemoUITests.m in Sources */,
			);
			runOnlyForDeploymentPostprocessing = 0;
		};
/* End PBXSourcesBuildPhase section */

/* Begin PBXTargetDependency section */
		778807EB1E10FC1500803273 /* PBXTargetDependency */ = {
			isa = PBXTargetDependency;
			target = 778807CF1E10FC1400803273 /* ProgressViewDemo */;
			targetProxy = 778807EA1E10FC1500803273 /* PBXContainerItemProxy */;
		};
		778807F61E10FC1500803273 /* PBXTargetDependency */ = {
			isa = PBXTargetDependency;
			target = 778807CF1E10FC1400803273 /* ProgressViewDemo */;
			targetProxy = 778807F51E10FC1500803273 /* PBXContainerItemProxy */;
		};
/* End PBXTargetDependency section */

/* Begin PBXVariantGroup section */
		778807DC1E10FC1500803273 /* Main.storyboard */ = {
			isa = PBXVariantGroup;
			children = (
				778807DD1E10FC1500803273 /* Base */,
			);
			name = Main.storyboard;
			sourceTree = "<group>";
		};
		778807E11E10FC1500803273 /* LaunchScreen.storyboard */ = {
			isa = PBXVariantGroup;
			children = (
				778807E21E10FC1500803273 /* Base */,
			);
			name = LaunchScreen.storyboard;
			sourceTree = "<group>";
		};
/* End PBXVariantGroup section */

/* Begin XCBuildConfiguration section */
		778807FB1E10FC1500803273 /* Debug */ = {
			isa = XCBuildConfiguration;
			buildSettings = {
				ALWAYS_SEARCH_USER_PATHS = NO;
				CLANG_ANALYZER_NONNULL = YES;
				CLANG_CXX_LANGUAGE_STANDARD = "gnu++0x";
				CLANG_CXX_LIBRARY = "libc++";
				CLANG_ENABLE_MODULES = YES;
				CLANG_ENABLE_OBJC_ARC = YES;
				CLANG_WARN_BOOL_CONVERSION = YES;
				CLANG_WARN_CONSTANT_CONVERSION = YES;
				CLANG_WARN_DIRECT_OBJC_ISA_USAGE = YES_ERROR;
				CLANG_WARN_DOCUMENTATION_COMMENTS = YES;
				CLANG_WARN_EMPTY_BODY = YES;
				CLANG_WARN_ENUM_CONVERSION = YES;
				CLANG_WARN_INFINITE_RECURSION = YES;
				CLANG_WARN_INT_CONVERSION = YES;
				CLANG_WARN_OBJC_ROOT_CLASS = YES_ERROR;
				CLANG_WARN_SUSPICIOUS_MOVES = YES;
				CLANG_WARN_UNREACHABLE_CODE = YES;
				CLANG_WARN__DUPLICATE_METHOD_MATCH = YES;
				"CODE_SIGN_IDENTITY[sdk=iphoneos*]" = "iPhone Developer";
				COPY_PHASE_STRIP = NO;
				DEBUG_INFORMATION_FORMAT = dwarf;
				ENABLE_STRICT_OBJC_MSGSEND = YES;
				ENABLE_TESTABILITY = YES;
				GCC_C_LANGUAGE_STANDARD = gnu99;
				GCC_DYNAMIC_NO_PIC = NO;
				GCC_NO_COMMON_BLOCKS = YES;
				GCC_OPTIMIZATION_LEVEL = 0;
				GCC_PREPROCESSOR_DEFINITIONS = (
					"DEBUG=1",
					"$(inherited)",
				);
				GCC_WARN_64_TO_32_BIT_CONVERSION = YES;
				GCC_WARN_ABOUT_RETURN_TYPE = YES_ERROR;
				GCC_WARN_UNDECLARED_SELECTOR = YES;
				GCC_WARN_UNINITIALIZED_AUTOS = YES_AGGRESSIVE;
				GCC_WARN_UNUSED_FUNCTION = YES;
				GCC_WARN_UNUSED_VARIABLE = YES;
				IPHONEOS_DEPLOYMENT_TARGET = 10.0;
				MTL_ENABLE_DEBUG_INFO = YES;
				ONLY_ACTIVE_ARCH = YES;
				SDKROOT = iphoneos;
				TARGETED_DEVICE_FAMILY = "1,2";
			};
			name = Debug;
		};
		778807FC1E10FC1500803273 /* Release */ = {
			isa = XCBuildConfiguration;
			buildSettings = {
				ALWAYS_SEARCH_USER_PATHS = NO;
				CLANG_ANALYZER_NONNULL = YES;
				CLANG_CXX_LANGUAGE_STANDARD = "gnu++0x";
				CLANG_CXX_LIBRARY = "libc++";
				CLANG_ENABLE_MODULES = YES;
				CLANG_ENABLE_OBJC_ARC = YES;
				CLANG_WARN_BOOL_CONVERSION = YES;
				CLANG_WARN_CONSTANT_CONVERSION = YES;
				CLANG_WARN_DIRECT_OBJC_ISA_USAGE = YES_ERROR;
				CLANG_WARN_DOCUMENTATION_COMMENTS = YES;
				CLANG_WARN_EMPTY_BODY = YES;
				CLANG_WARN_ENUM_CONVERSION = YES;
				CLANG_WARN_INFINITE_RECURSION = YES;
				CLANG_WARN_INT_CONVERSION = YES;
				CLANG_WARN_OBJC_ROOT_CLASS = YES_ERROR;
				CLANG_WARN_SUSPICIOUS_MOVES = YES;
				CLANG_WARN_UNREACHABLE_CODE = YES;
				CLANG_WARN__DUPLICATE_METHOD_MATCH = YES;
				"CODE_SIGN_IDENTITY[sdk=iphoneos*]" = "iPhone Developer";
				COPY_PHASE_STRIP = NO;
				DEBUG_INFORMATION_FORMAT = "dwarf-with-dsym";
				ENABLE_NS_ASSERTIONS = NO;
				ENABLE_STRICT_OBJC_MSGSEND = YES;
				GCC_C_LANGUAGE_STANDARD = gnu99;
				GCC_NO_COMMON_BLOCKS = YES;
				GCC_WARN_64_TO_32_BIT_CONVERSION = YES;
				GCC_WARN_ABOUT_RETURN_TYPE = YES_ERROR;
				GCC_WARN_UNDECLARED_SELECTOR = YES;
				GCC_WARN_UNINITIALIZED_AUTOS = YES_AGGRESSIVE;
				GCC_WARN_UNUSED_FUNCTION = YES;
				GCC_WARN_UNUSED_VARIABLE = YES;
				IPHONEOS_DEPLOYMENT_TARGET = 10.0;
				MTL_ENABLE_DEBUG_INFO = NO;
				SDKROOT = iphoneos;
				TARGETED_DEVICE_FAMILY = "1,2";
				VALIDATE_PRODUCT = YES;
			};
			name = Release;
		};
		778807FE1E10FC1500803273 /* Debug */ = {
			isa = XCBuildConfiguration;
			buildSettings = {
				ASSETCATALOG_COMPILER_APPICON_NAME = AppIcon;
				DEVELOPMENT_TEAM = YQSV9JS5Z8;
				GCC_PREFIX_HEADER = "$(SRCROOT)/ProgressViewDemo/PrefixHeader.pch";
				INFOPLIST_FILE = ProgressViewDemo/Info.plist;
				LD_RUNPATH_SEARCH_PATHS = "$(inherited) @executable_path/Frameworks";
				PRODUCT_BUNDLE_IDENTIFIER = miss.liuxinxin.ProgressViewDemo;
				PRODUCT_NAME = "$(TARGET_NAME)";
			};
			name = Debug;
		};
		778807FF1E10FC1500803273 /* Release */ = {
			isa = XCBuildConfiguration;
			buildSettings = {
				ASSETCATALOG_COMPILER_APPICON_NAME = AppIcon;
				DEVELOPMENT_TEAM = YQSV9JS5Z8;
				GCC_PREFIX_HEADER = "$(SRCROOT)/ProgressViewDemo/PrefixHeader.pch";
				INFOPLIST_FILE = ProgressViewDemo/Info.plist;
				LD_RUNPATH_SEARCH_PATHS = "$(inherited) @executable_path/Frameworks";
				PRODUCT_BUNDLE_IDENTIFIER = miss.liuxinxin.ProgressViewDemo;
				PRODUCT_NAME = "$(TARGET_NAME)";
			};
			name = Release;
		};
		778808011E10FC1500803273 /* Debug */ = {
			isa = XCBuildConfiguration;
			buildSettings = {
				BUNDLE_LOADER = "$(TEST_HOST)";
				DEVELOPMENT_TEAM = YQSV9JS5Z8;
				INFOPLIST_FILE = ProgressViewDemoTests/Info.plist;
				LD_RUNPATH_SEARCH_PATHS = "$(inherited) @executable_path/Frameworks @loader_path/Frameworks";
				PRODUCT_BUNDLE_IDENTIFIER = miss.liuxinxin.ProgressViewDemoTests;
				PRODUCT_NAME = "$(TARGET_NAME)";
				TEST_HOST = "$(BUILT_PRODUCTS_DIR)/ProgressViewDemo.app/ProgressViewDemo";
			};
			name = Debug;
		};
		778808021E10FC1500803273 /* Release */ = {
			isa = XCBuildConfiguration;
			buildSettings = {
				BUNDLE_LOADER = "$(TEST_HOST)";
				DEVELOPMENT_TEAM = YQSV9JS5Z8;
				INFOPLIST_FILE = ProgressViewDemoTests/Info.plist;
				LD_RUNPATH_SEARCH_PATHS = "$(inherited) @executable_path/Frameworks @loader_path/Frameworks";
				PRODUCT_BUNDLE_IDENTIFIER = miss.liuxinxin.ProgressViewDemoTests;
				PRODUCT_NAME = "$(TARGET_NAME)";
				TEST_HOST = "$(BUILT_PRODUCTS_DIR)/ProgressViewDemo.app/ProgressViewDemo";
			};
			name = Release;
		};
		778808041E10FC1500803273 /* Debug */ = {
			isa = XCBuildConfiguration;
			buildSettings = {
				DEVELOPMENT_TEAM = YQSV9JS5Z8;
				INFOPLIST_FILE = ProgressViewDemoUITests/Info.plist;
				LD_RUNPATH_SEARCH_PATHS = "$(inherited) @executable_path/Frameworks @loader_path/Frameworks";
				PRODUCT_BUNDLE_IDENTIFIER = miss.liuxinxin.ProgressViewDemoUITests;
				PRODUCT_NAME = "$(TARGET_NAME)";
				TEST_TARGET_NAME = ProgressViewDemo;
			};
			name = Debug;
		};
		778808051E10FC1500803273 /* Release */ = {
			isa = XCBuildConfiguration;
			buildSettings = {
				DEVELOPMENT_TEAM = YQSV9JS5Z8;
				INFOPLIST_FILE = ProgressViewDemoUITests/Info.plist;
				LD_RUNPATH_SEARCH_PATHS = "$(inherited) @executable_path/Frameworks @loader_path/Frameworks";
				PRODUCT_BUNDLE_IDENTIFIER = miss.liuxinxin.ProgressViewDemoUITests;
				PRODUCT_NAME = "$(TARGET_NAME)";
				TEST_TARGET_NAME = ProgressViewDemo;
			};
			name = Release;
		};
/* End XCBuildConfiguration section */

/* Begin XCConfigurationList section */
		778807CB1E10FC1400803273 /* Build configuration list for PBXProject "ProgressViewDemo" */ = {
			isa = XCConfigurationList;
			buildConfigurations = (
				778807FB1E10FC1500803273 /* Debug */,
				778807FC1E10FC1500803273 /* Release */,
			);
			defaultConfigurationIsVisible = 0;
			defaultConfigurationName = Release;
		};
		778807FD1E10FC1500803273 /* Build configuration list for PBXNativeTarget "ProgressViewDemo" */ = {
			isa = XCConfigurationList;
			buildConfigurations = (
				778807FE1E10FC1500803273 /* Debug */,
				778807FF1E10FC1500803273 /* Release */,
			);
			defaultConfigurationIsVisible = 0;
			defaultConfigurationName = Release;
		};
		778808001E10FC1500803273 /* Build configuration list for PBXNativeTarget "ProgressViewDemoTests" */ = {
			isa = XCConfigurationList;
			buildConfigurations = (
				778808011E10FC1500803273 /* Debug */,
				778808021E10FC1500803273 /* Release */,
			);
			defaultConfigurationIsVisible = 0;
			defaultConfigurationName = Release;
		};
		778808031E10FC1500803273 /* Build configuration list for PBXNativeTarget "ProgressViewDemoUITests" */ = {
			isa = XCConfigurationList;
			buildConfigurations = (
				778808041E10FC1500803273 /* Debug */,
				778808051E10FC1500803273 /* Release */,
			);
			defaultConfigurationIsVisible = 0;
			defaultConfigurationName = Release;
		};
/* End XCConfigurationList section */
	};
	rootObject = 778807C81E10FC1400803273 /* Project object */;
}
